// !$*UTF8*$!
{
	archiveVersion = 1;
	classes = {
	};
	objectVersion = 56;
	objects = {

/* Begin PBXBuildFile section */
		8A357CBF2C1279E600D30A86 /* LogInViewController.swift in Sources */ = {isa = PBXBuildFile; fileRef = 8A357CBE2C1279E600D30A86 /* LogInViewController.swift */; };
		8A8BA7752C224F660017DE19 /* PhotosTableViewCell.swift in Sources */ = {isa = PBXBuildFile; fileRef = 8A8BA7742C224F660017DE19 /* PhotosTableViewCell.swift */; };
		8AB9CE372C1A4B6900F1E434 /* Post.swift in Sources */ = {isa = PBXBuildFile; fileRef = 8AB9CE362C1A4B6900F1E434 /* Post.swift */; };
		8AD4C3B62BF7BDF100E7960A /* AppDelegate.swift in Sources */ = {isa = PBXBuildFile; fileRef = 8AD4C3B52BF7BDF100E7960A /* AppDelegate.swift */; };
		8AD4C3B82BF7BDF100E7960A /* SceneDelegate.swift in Sources */ = {isa = PBXBuildFile; fileRef = 8AD4C3B72BF7BDF100E7960A /* SceneDelegate.swift */; };
		8AD4C3BA2BF7BDF100E7960A /* ViewController.swift in Sources */ = {isa = PBXBuildFile; fileRef = 8AD4C3B92BF7BDF100E7960A /* ViewController.swift */; };
		8AD4C3BF2BF7BDF200E7960A /* Assets.xcassets in Resources */ = {isa = PBXBuildFile; fileRef = 8AD4C3BE2BF7BDF200E7960A /* Assets.xcassets */; };
		8AD4C3C22BF7BDF200E7960A /* LaunchScreen.storyboard in Resources */ = {isa = PBXBuildFile; fileRef = 8AD4C3C02BF7BDF200E7960A /* LaunchScreen.storyboard */; };
		8AD4C3CA2BF7D2DA00E7960A /* FeedViewController.swift in Sources */ = {isa = PBXBuildFile; fileRef = 8AD4C3C92BF7D2DA00E7960A /* FeedViewController.swift */; };
		8AD4C3CC2BF7D2FF00E7960A /* ProfileViewController.swift in Sources */ = {isa = PBXBuildFile; fileRef = 8AD4C3CB2BF7D2FF00E7960A /* ProfileViewController.swift */; };
		8AD4C3CE2BF8134B00E7960A /* PostViewController.swift in Sources */ = {isa = PBXBuildFile; fileRef = 8AD4C3CD2BF8134B00E7960A /* PostViewController.swift */; };
		8AD4C3D02BF814A600E7960A /* InfoViewController.swift in Sources */ = {isa = PBXBuildFile; fileRef = 8AD4C3CF2BF814A600E7960A /* InfoViewController.swift */; };
		8AE7513A2C1BBAEE000FDD0F /* PostTableViewCell.swift in Sources */ = {isa = PBXBuildFile; fileRef = 8AE751392C1BBAEE000FDD0F /* PostTableViewCell.swift */; };
		8AE7513C2C1BC7EF000FDD0F /* UITableViewExtensions.swift in Sources */ = {isa = PBXBuildFile; fileRef = 8AE7513B2C1BC7EF000FDD0F /* UITableViewExtensions.swift */; };
		8AE78EFD2C019A9900B83277 /* ProfileHeaderView.swift in Sources */ = {isa = PBXBuildFile; fileRef = 8AE78EFC2C019A9900B83277 /* ProfileHeaderView.swift */; };
/* End PBXBuildFile section */

/* Begin PBXFileReference section */
		8A357CBE2C1279E600D30A86 /* LogInViewController.swift */ = {isa = PBXFileReference; lastKnownFileType = sourcecode.swift; path = LogInViewController.swift; sourceTree = "<group>"; };
		8A8BA7742C224F660017DE19 /* PhotosTableViewCell.swift */ = {isa = PBXFileReference; lastKnownFileType = sourcecode.swift; path = PhotosTableViewCell.swift; sourceTree = "<group>"; };
		8AB9CE362C1A4B6900F1E434 /* Post.swift */ = {isa = PBXFileReference; lastKnownFileType = sourcecode.swift; path = Post.swift; sourceTree = "<group>"; };
		8AD4C3B22BF7BDF100E7960A /* Navigation.app */ = {isa = PBXFileReference; explicitFileType = wrapper.application; includeInIndex = 0; path = Navigation.app; sourceTree = BUILT_PRODUCTS_DIR; };
		8AD4C3B52BF7BDF100E7960A /* AppDelegate.swift */ = {isa = PBXFileReference; lastKnownFileType = sourcecode.swift; path = AppDelegate.swift; sourceTree = "<group>"; };
		8AD4C3B72BF7BDF100E7960A /* SceneDelegate.swift */ = {isa = PBXFileReference; lastKnownFileType = sourcecode.swift; path = SceneDelegate.swift; sourceTree = "<group>"; };
		8AD4C3B92BF7BDF100E7960A /* ViewController.swift */ = {isa = PBXFileReference; lastKnownFileType = sourcecode.swift; path = ViewController.swift; sourceTree = "<group>"; };
		8AD4C3BE2BF7BDF200E7960A /* Assets.xcassets */ = {isa = PBXFileReference; lastKnownFileType = folder.assetcatalog; path = Assets.xcassets; sourceTree = "<group>"; };
		8AD4C3C12BF7BDF200E7960A /* Base */ = {isa = PBXFileReference; lastKnownFileType = file.storyboard; name = Base; path = Base.lproj/LaunchScreen.storyboard; sourceTree = "<group>"; };
		8AD4C3C32BF7BDF200E7960A /* Info.plist */ = {isa = PBXFileReference; lastKnownFileType = text.plist.xml; path = Info.plist; sourceTree = "<group>"; };
		8AD4C3C92BF7D2DA00E7960A /* FeedViewController.swift */ = {isa = PBXFileReference; lastKnownFileType = sourcecode.swift; path = FeedViewController.swift; sourceTree = "<group>"; };
		8AD4C3CB2BF7D2FF00E7960A /* ProfileViewController.swift */ = {isa = PBXFileReference; lastKnownFileType = sourcecode.swift; path = ProfileViewController.swift; sourceTree = "<group>"; };
		8AD4C3CD2BF8134B00E7960A /* PostViewController.swift */ = {isa = PBXFileReference; lastKnownFileType = sourcecode.swift; path = PostViewController.swift; sourceTree = "<group>"; };
		8AD4C3CF2BF814A600E7960A /* InfoViewController.swift */ = {isa = PBXFileReference; lastKnownFileType = sourcecode.swift; path = InfoViewController.swift; sourceTree = "<group>"; };
		8AE751392C1BBAEE000FDD0F /* PostTableViewCell.swift */ = {isa = PBXFileReference; lastKnownFileType = sourcecode.swift; path = PostTableViewCell.swift; sourceTree = "<group>"; };
		8AE7513B2C1BC7EF000FDD0F /* UITableViewExtensions.swift */ = {isa = PBXFileReference; lastKnownFileType = sourcecode.swift; path = UITableViewExtensions.swift; sourceTree = "<group>"; };
		8AE78EFC2C019A9900B83277 /* ProfileHeaderView.swift */ = {isa = PBXFileReference; lastKnownFileType = sourcecode.swift; path = ProfileHeaderView.swift; sourceTree = "<group>"; };
/* End PBXFileReference section */

/* Begin PBXFrameworksBuildPhase section */
		8AD4C3AF2BF7BDF100E7960A /* Frameworks */ = {
			isa = PBXFrameworksBuildPhase;
			buildActionMask = 2147483647;
			files = (
			);
			runOnlyForDeploymentPostprocessing = 0;
		};
/* End PBXFrameworksBuildPhase section */

/* Begin PBXGroup section */
		8AD4C3A92BF7BDF100E7960A = {
			isa = PBXGroup;
			children = (
				8AD4C3B42BF7BDF100E7960A /* Navigation */,
				8AD4C3B32BF7BDF100E7960A /* Products */,
			);
			sourceTree = "<group>";
		};
		8AD4C3B32BF7BDF100E7960A /* Products */ = {
			isa = PBXGroup;
			children = (
				8AD4C3B22BF7BDF100E7960A /* Navigation.app */,
			);
			name = Products;
			sourceTree = "<group>";
		};
		8AD4C3B42BF7BDF100E7960A /* Navigation */ = {
			isa = PBXGroup;
			children = (
				8AE78EFB2C01998500B83277 /* Profile */,
				8AD4C3B52BF7BDF100E7960A /* AppDelegate.swift */,
				8AD4C3B72BF7BDF100E7960A /* SceneDelegate.swift */,
				8AD4C3B92BF7BDF100E7960A /* ViewController.swift */,
				8AD4C3C92BF7D2DA00E7960A /* FeedViewController.swift */,
				8AD4C3CF2BF814A600E7960A /* InfoViewController.swift */,
				8AD4C3CD2BF8134B00E7960A /* PostViewController.swift */,
				8AB9CE362C1A4B6900F1E434 /* Post.swift */,
				8AE7513B2C1BC7EF000FDD0F /* UITableViewExtensions.swift */,
				8AD4C3BE2BF7BDF200E7960A /* Assets.xcassets */,
				8AD4C3C02BF7BDF200E7960A /* LaunchScreen.storyboard */,
				8AD4C3C32BF7BDF200E7960A /* Info.plist */,
			);
			path = Navigation;
			sourceTree = "<group>";
		};
		8AE78EFB2C01998500B83277 /* Profile */ = {
			isa = PBXGroup;
			children = (
				8AD4C3CB2BF7D2FF00E7960A /* ProfileViewController.swift */,
				8AE78EFC2C019A9900B83277 /* ProfileHeaderView.swift */,
				8A357CBE2C1279E600D30A86 /* LogInViewController.swift */,
				8AE751392C1BBAEE000FDD0F /* PostTableViewCell.swift */,
				8A8BA7742C224F660017DE19 /* PhotosTableViewCell.swift */,
			);
			path = Profile;
			sourceTree = "<group>";
		};
/* End PBXGroup section */

/* Begin PBXNativeTarget section */
		8AD4C3B12BF7BDF100E7960A /* Navigation */ = {
			isa = PBXNativeTarget;
			buildConfigurationList = 8AD4C3C62BF7BDF200E7960A /* Build configuration list for PBXNativeTarget "Navigation" */;
			buildPhases = (
				8AD4C3AE2BF7BDF100E7960A /* Sources */,
				8AD4C3AF2BF7BDF100E7960A /* Frameworks */,
				8AD4C3B02BF7BDF100E7960A /* Resources */,
			);
			buildRules = (
			);
			dependencies = (
			);
			name = Navigation;
			productName = Navigation;
			productReference = 8AD4C3B22BF7BDF100E7960A /* Navigation.app */;
			productType = "com.apple.product-type.application";
		};
/* End PBXNativeTarget section */

/* Begin PBXProject section */
		8AD4C3AA2BF7BDF100E7960A /* Project object */ = {
			isa = PBXProject;
			attributes = {
				BuildIndependentTargetsInParallel = 1;
				LastSwiftUpdateCheck = 1520;
				LastUpgradeCheck = 1520;
				TargetAttributes = {
					8AD4C3B12BF7BDF100E7960A = {
						CreatedOnToolsVersion = 15.2;
					};
				};
			};
			buildConfigurationList = 8AD4C3AD2BF7BDF100E7960A /* Build configuration list for PBXProject "Navigation" */;
			compatibilityVersion = "Xcode 14.0";
			developmentRegion = en;
			hasScannedForEncodings = 0;
			knownRegions = (
				en,
				Base,
			);
			mainGroup = 8AD4C3A92BF7BDF100E7960A;
			productRefGroup = 8AD4C3B32BF7BDF100E7960A /* Products */;
			projectDirPath = "";
			projectRoot = "";
			targets = (
				8AD4C3B12BF7BDF100E7960A /* Navigation */,
			);
		};
/* End PBXProject section */

/* Begin PBXResourcesBuildPhase section */
		8AD4C3B02BF7BDF100E7960A /* Resources */ = {
			isa = PBXResourcesBuildPhase;
			buildActionMask = 2147483647;
			files = (
				8AD4C3C22BF7BDF200E7960A /* LaunchScreen.storyboard in Resources */,
				8AD4C3BF2BF7BDF200E7960A /* Assets.xcassets in Resources */,
			);
			runOnlyForDeploymentPostprocessing = 0;
		};
/* End PBXResourcesBuildPhase section */

/* Begin PBXSourcesBuildPhase section */
		8AD4C3AE2BF7BDF100E7960A /* Sources */ = {
			isa = PBXSourcesBuildPhase;
			buildActionMask = 2147483647;
			files = (
				8AE7513A2C1BBAEE000FDD0F /* PostTableViewCell.swift in Sources */,
				8AD4C3CE2BF8134B00E7960A /* PostViewController.swift in Sources */,
				8AD4C3BA2BF7BDF100E7960A /* ViewController.swift in Sources */,
				8AE7513C2C1BC7EF000FDD0F /* UITableViewExtensions.swift in Sources */,
				8A357CBF2C1279E600D30A86 /* LogInViewController.swift in Sources */,
				8AD4C3B62BF7BDF100E7960A /* AppDelegate.swift in Sources */,
				8AD4C3D02BF814A600E7960A /* InfoViewController.swift in Sources */,
				8AD4C3CC2BF7D2FF00E7960A /* ProfileViewController.swift in Sources */,
				8AD4C3CA2BF7D2DA00E7960A /* FeedViewController.swift in Sources */,
				8A8BA7752C224F660017DE19 /* PhotosTableViewCell.swift in Sources */,
				8AD4C3B82BF7BDF100E7960A /* SceneDelegate.swift in Sources */,
				8AE78EFD2C019A9900B83277 /* ProfileHeaderView.swift in Sources */,
				8AB9CE372C1A4B6900F1E434 /* Post.swift in Sources */,
			);
			runOnlyForDeploymentPostprocessing = 0;
		};
/* End PBXSourcesBuildPhase section */

/* Begin PBXVariantGroup section */
		8AD4C3C02BF7BDF200E7960A /* LaunchScreen.storyboard */ = {
			isa = PBXVariantGroup;
			children = (
				8AD4C3C12BF7BDF200E7960A /* Base */,
			);
			name = LaunchScreen.storyboard;
			sourceTree = "<group>";
		};
/* End PBXVariantGroup section */

/* Begin XCBuildConfiguration section */
		8AD4C3C42BF7BDF200E7960A /* Debug */ = {
			isa = XCBuildConfiguration;
			buildSettings = {
				ALWAYS_SEARCH_USER_PATHS = NO;
				ASSETCATALOG_COMPILER_GENERATE_SWIFT_ASSET_SYMBOL_EXTENSIONS = YES;
				CLANG_ANALYZER_NONNULL = YES;
				CLANG_ANALYZER_NUMBER_OBJECT_CONVERSION = YES_AGGRESSIVE;
				CLANG_CXX_LANGUAGE_STANDARD = "gnu++20";
				CLANG_ENABLE_MODULES = YES;
				CLANG_ENABLE_OBJC_ARC = YES;
				CLANG_ENABLE_OBJC_WEAK = YES;
				CLANG_WARN_BLOCK_CAPTURE_AUTORELEASING = YES;
				CLANG_WARN_BOOL_CONVERSION = YES;
				CLANG_WARN_COMMA = YES;
				CLANG_WARN_CONSTANT_CONVERSION = YES;
				CLANG_WARN_DEPRECATED_OBJC_IMPLEMENTATIONS = YES;
				CLANG_WARN_DIRECT_OBJC_ISA_USAGE = YES_ERROR;
				CLANG_WARN_DOCUMENTATION_COMMENTS = YES;
				CLANG_WARN_EMPTY_BODY = YES;
				CLANG_WARN_ENUM_CONVERSION = YES;
				CLANG_WARN_INFINITE_RECURSION = YES;
				CLANG_WARN_INT_CONVERSION = YES;
				CLANG_WARN_NON_LITERAL_NULL_CONVERSION = YES;
				CLANG_WARN_OBJC_IMPLICIT_RETAIN_SELF = YES;
				CLANG_WARN_OBJC_LITERAL_CONVERSION = YES;
				CLANG_WARN_OBJC_ROOT_CLASS = YES_ERROR;
				CLANG_WARN_QUOTED_INCLUDE_IN_FRAMEWORK_HEADER = YES;
				CLANG_WARN_RANGE_LOOP_ANALYSIS = YES;
				CLANG_WARN_STRICT_PROTOTYPES = YES;
				CLANG_WARN_SUSPICIOUS_MOVE = YES;
				CLANG_WARN_UNGUARDED_AVAILABILITY = YES_AGGRESSIVE;
				CLANG_WARN_UNREACHABLE_CODE = YES;
				CLANG_WARN__DUPLICATE_METHOD_MATCH = YES;
				COPY_PHASE_STRIP = NO;
				DEBUG_INFORMATION_FORMAT = dwarf;
				ENABLE_STRICT_OBJC_MSGSEND = YES;
				ENABLE_TESTABILITY = YES;
				ENABLE_USER_SCRIPT_SANDBOXING = YES;
				GCC_C_LANGUAGE_STANDARD = gnu17;
				GCC_DYNAMIC_NO_PIC = NO;
				GCC_NO_COMMON_BLOCKS = YES;
				GCC_OPTIMIZATION_LEVEL = 0;
				GCC_PREPROCESSOR_DEFINITIONS = (
					"DEBUG=1",
					"$(inherited)",
				);
				GCC_WARN_64_TO_32_BIT_CONVERSION = YES;
				GCC_WARN_ABOUT_RETURN_TYPE = YES_ERROR;
				GCC_WARN_UNDECLARED_SELECTOR = YES;
				GCC_WARN_UNINITIALIZED_AUTOS = YES_AGGRESSIVE;
				GCC_WARN_UNUSED_FUNCTION = YES;
				GCC_WARN_UNUSED_VARIABLE = YES;
				IPHONEOS_DEPLOYMENT_TARGET = 17.2;
				LOCALIZATION_PREFERS_STRING_CATALOGS = YES;
				MTL_ENABLE_DEBUG_INFO = INCLUDE_SOURCE;
				MTL_FAST_MATH = YES;
				ONLY_ACTIVE_ARCH = YES;
				SDKROOT = iphoneos;
				SWIFT_ACTIVE_COMPILATION_CONDITIONS = "DEBUG $(inherited)";
				SWIFT_OPTIMIZATION_LEVEL = "-Onone";
			};
			name = Debug;
		};
		8AD4C3C52BF7BDF200E7960A /* Release */ = {
			isa = XCBuildConfiguration;
			buildSettings = {
				ALWAYS_SEARCH_USER_PATHS = NO;
				ASSETCATALOG_COMPILER_GENERATE_SWIFT_ASSET_SYMBOL_EXTENSIONS = YES;
				CLANG_ANALYZER_NONNULL = YES;
				CLANG_ANALYZER_NUMBER_OBJECT_CONVERSION = YES_AGGRESSIVE;
				CLANG_CXX_LANGUAGE_STANDARD = "gnu++20";
				CLANG_ENABLE_MODULES = YES;
				CLANG_ENABLE_OBJC_ARC = YES;
				CLANG_ENABLE_OBJC_WEAK = YES;
				CLANG_WARN_BLOCK_CAPTURE_AUTORELEASING = YES;
				CLANG_WARN_BOOL_CONVERSION = YES;
				CLANG_WARN_COMMA = YES;
				CLANG_WARN_CONSTANT_CONVERSION = YES;
				CLANG_WARN_DEPRECATED_OBJC_IMPLEMENTATIONS = YES;
				CLANG_WARN_DIRECT_OBJC_ISA_USAGE = YES_ERROR;
				CLANG_WARN_DOCUMENTATION_COMMENTS = YES;
				CLANG_WARN_EMPTY_BODY = YES;
				CLANG_WARN_ENUM_CONVERSION = YES;
				CLANG_WARN_INFINITE_RECURSION = YES;
				CLANG_WARN_INT_CONVERSION = YES;
				CLANG_WARN_NON_LITERAL_NULL_CONVERSION = YES;
				CLANG_WARN_OBJC_IMPLICIT_RETAIN_SELF = YES;
				CLANG_WARN_OBJC_LITERAL_CONVERSION = YES;
				CLANG_WARN_OBJC_ROOT_CLASS = YES_ERROR;
				CLANG_WARN_QUOTED_INCLUDE_IN_FRAMEWORK_HEADER = YES;
				CLANG_WARN_RANGE_LOOP_ANALYSIS = YES;
				CLANG_WARN_STRICT_PROTOTYPES = YES;
				CLANG_WARN_SUSPICIOUS_MOVE = YES;
				CLANG_WARN_UNGUARDED_AVAILABILITY = YES_AGGRESSIVE;
				CLANG_WARN_UNREACHABLE_CODE = YES;
				CLANG_WARN__DUPLICATE_METHOD_MATCH = YES;
				COPY_PHASE_STRIP = NO;
				DEBUG_INFORMATION_FORMAT = "dwarf-with-dsym";
				ENABLE_NS_ASSERTIONS = NO;
				ENABLE_STRICT_OBJC_MSGSEND = YES;
				ENABLE_USER_SCRIPT_SANDBOXING = YES;
				GCC_C_LANGUAGE_STANDARD = gnu17;
				GCC_NO_COMMON_BLOCKS = YES;
				GCC_WARN_64_TO_32_BIT_CONVERSION = YES;
				GCC_WARN_ABOUT_RETURN_TYPE = YES_ERROR;
				GCC_WARN_UNDECLARED_SELECTOR = YES;
				GCC_WARN_UNINITIALIZED_AUTOS = YES_AGGRESSIVE;
				GCC_WARN_UNUSED_FUNCTION = YES;
				GCC_WARN_UNUSED_VARIABLE = YES;
				IPHONEOS_DEPLOYMENT_TARGET = 17.2;
				LOCALIZATION_PREFERS_STRING_CATALOGS = YES;
				MTL_ENABLE_DEBUG_INFO = NO;
				MTL_FAST_MATH = YES;
				SDKROOT = iphoneos;
				SWIFT_COMPILATION_MODE = wholemodule;
				VALIDATE_PRODUCT = YES;
			};
			name = Release;
		};
		8AD4C3C72BF7BDF200E7960A /* Debug */ = {
			isa = XCBuildConfiguration;
			buildSettings = {
				ASSETCATALOG_COMPILER_APPICON_NAME = AppIcon;
				ASSETCATALOG_COMPILER_GLOBAL_ACCENT_COLOR_NAME = AccentColor;
				CODE_SIGN_STYLE = Automatic;
				CURRENT_PROJECT_VERSION = 1;
				DEVELOPMENT_TEAM = 63F6D8QR46;
				GENERATE_INFOPLIST_FILE = YES;
				INFOPLIST_FILE = Navigation/Info.plist;
				INFOPLIST_KEY_UIApplicationSupportsIndirectInputEvents = YES;
				INFOPLIST_KEY_UILaunchStoryboardName = LaunchScreen;
				INFOPLIST_KEY_UISupportedInterfaceOrientations_iPad = "UIInterfaceOrientationPortrait UIInterfaceOrientationPortraitUpsideDown UIInterfaceOrientationLandscapeLeft UIInterfaceOrientationLandscapeRight";
				INFOPLIST_KEY_UISupportedInterfaceOrientations_iPhone = "UIInterfaceOrientationPortrait UIInterfaceOrientationLandscapeLeft UIInterfaceOrientationLandscapeRight";
				IPHONEOS_DEPLOYMENT_TARGET = 15.0;
				LD_RUNPATH_SEARCH_PATHS = (
					"$(inherited)",
					"@executable_path/Frameworks",
				);
				MARKETING_VERSION = 1.0;
				PRODUCT_BUNDLE_IDENTIFIER = com.exercise.first.Navigation;
				PRODUCT_NAME = "$(TARGET_NAME)";
				SUPPORTED_PLATFORMS = "iphoneos iphonesimulator";
				SUPPORTS_MACCATALYST = NO;
				SUPPORTS_MAC_DESIGNED_FOR_IPHONE_IPAD = NO;
				SUPPORTS_XR_DESIGNED_FOR_IPHONE_IPAD = NO;
				SWIFT_EMIT_LOC_STRINGS = YES;
				SWIFT_VERSION = 5.0;
				TARGETED_DEVICE_FAMILY = 1;
			};
			name = Debug;
		};
		8AD4C3C82BF7BDF200E7960A /* Release */ = {
			isa = XCBuildConfiguration;
			buildSettings = {
				ASSETCATALOG_COMPILER_APPICON_NAME = AppIcon;
				ASSETCATALOG_COMPILER_GLOBAL_ACCENT_COLOR_NAME = AccentColor;
				CODE_SIGN_STYLE = Automatic;
				CURRENT_PROJECT_VERSION = 1;
				DEVELOPMENT_TEAM = 63F6D8QR46;
				GENERATE_INFOPLIST_FILE = YES;
				INFOPLIST_FILE = Navigation/Info.plist;
				INFOPLIST_KEY_UIApplicationSupportsIndirectInputEvents = YES;
				INFOPLIST_KEY_UILaunchStoryboardName = LaunchScreen;
				INFOPLIST_KEY_UISupportedInterfaceOrientations_iPad = "UIInterfaceOrientationPortrait UIInterfaceOrientationPortraitUpsideDown UIInterfaceOrientationLandscapeLeft UIInterfaceOrientationLandscapeRight";
				INFOPLIST_KEY_UISupportedInterfaceOrientations_iPhone = "UIInterfaceOrientationPortrait UIInterfaceOrientationLandscapeLeft UIInterfaceOrientationLandscapeRight";
				IPHONEOS_DEPLOYMENT_TARGET = 15.0;
				LD_RUNPATH_SEARCH_PATHS = (
					"$(inherited)",
					"@executable_path/Frameworks",
				);
				MARKETING_VERSION = 1.0;
				PRODUCT_BUNDLE_IDENTIFIER = com.exercise.first.Navigation;
				PRODUCT_NAME = "$(TARGET_NAME)";
				SUPPORTED_PLATFORMS = "iphoneos iphonesimulator";
				SUPPORTS_MACCATALYST = NO;
				SUPPORTS_MAC_DESIGNED_FOR_IPHONE_IPAD = NO;
				SUPPORTS_XR_DESIGNED_FOR_IPHONE_IPAD = NO;
				SWIFT_EMIT_LOC_STRINGS = YES;
				SWIFT_VERSION = 5.0;
				TARGETED_DEVICE_FAMILY = 1;
			};
			name = Release;
		};
/* End XCBuildConfiguration section */

/* Begin XCConfigurationList section */
		8AD4C3AD2BF7BDF100E7960A /* Build configuration list for PBXProject "Navigation" */ = {
			isa = XCConfigurationList;
			buildConfigurations = (
				8AD4C3C42BF7BDF200E7960A /* Debug */,
				8AD4C3C52BF7BDF200E7960A /* Release */,
			);
			defaultConfigurationIsVisible = 0;
			defaultConfigurationName = Release;
		};
		8AD4C3C62BF7BDF200E7960A /* Build configuration list for PBXNativeTarget "Navigation" */ = {
			isa = XCConfigurationList;
			buildConfigurations = (
				8AD4C3C72BF7BDF200E7960A /* Debug */,
				8AD4C3C82BF7BDF200E7960A /* Release */,
			);
			defaultConfigurationIsVisible = 0;
			defaultConfigurationName = Release;
		};
/* End XCConfigurationList section */
	};
	rootObject = 8AD4C3AA2BF7BDF100E7960A /* Project object */;
}
